// !$*UTF8*$!
{
	archiveVersion = 1;
	classes = {
	};
	objectVersion = 46;
	objects = {

/* Begin PBXBuildFile section */
		642F61451D08E01900179EE4 /* main.m in Sources */ = {isa = PBXBuildFile; fileRef = 642F61441D08E01900179EE4 /* main.m */; };
		642F61481D08E01900179EE4 /* AppDelegate.m in Sources */ = {isa = PBXBuildFile; fileRef = 642F61471D08E01900179EE4 /* AppDelegate.m */; };
		642F614B1D08E01900179EE4 /* ViewController.m in Sources */ = {isa = PBXBuildFile; fileRef = 642F614A1D08E01900179EE4 /* ViewController.m */; };
		642F614E1D08E01900179EE4 /* Main.storyboard in Resources */ = {isa = PBXBuildFile; fileRef = 642F614C1D08E01900179EE4 /* Main.storyboard */; };
		642F61501D08E01900179EE4 /* Assets.xcassets in Resources */ = {isa = PBXBuildFile; fileRef = 642F614F1D08E01900179EE4 /* Assets.xcassets */; };
		642F61531D08E01900179EE4 /* LaunchScreen.storyboard in Resources */ = {isa = PBXBuildFile; fileRef = 642F61511D08E01900179EE4 /* LaunchScreen.storyboard */; };
		642F615E1D08E01900179EE4 /* XCTestSpikeTests.m in Sources */ = {isa = PBXBuildFile; fileRef = 642F615D1D08E01900179EE4 /* XCTestSpikeTests.m */; };
		642F61691D08E01900179EE4 /* XCTestSpikeUITests.m in Sources */ = {isa = PBXBuildFile; fileRef = 642F61681D08E01900179EE4 /* XCTestSpikeUITests.m */; };
		642F61781D09CD2700179EE4 /* WWWebService.m in Sources */ = {isa = PBXBuildFile; fileRef = 642F61771D09CD2700179EE4 /* WWWebService.m */; };
/* End PBXBuildFile section */

/* Begin PBXContainerItemProxy section */
		642F615A1D08E01900179EE4 /* PBXContainerItemProxy */ = {
			isa = PBXContainerItemProxy;
			containerPortal = 642F61381D08E01900179EE4 /* Project object */;
			proxyType = 1;
			remoteGlobalIDString = 642F613F1D08E01900179EE4;
			remoteInfo = XCTestSpike;
		};
		642F61651D08E01900179EE4 /* PBXContainerItemProxy */ = {
			isa = PBXContainerItemProxy;
			containerPortal = 642F61381D08E01900179EE4 /* Project object */;
			proxyType = 1;
			remoteGlobalIDString = 642F613F1D08E01900179EE4;
			remoteInfo = XCTestSpike;
		};
/* End PBXContainerItemProxy section */

/* Begin PBXFileReference section */
		642F61401D08E01900179EE4 /* XCTestSpike.app */ = {isa = PBXFileReference; explicitFileType = wrapper.application; includeInIndex = 0; path = XCTestSpike.app; sourceTree = BUILT_PRODUCTS_DIR; };
		642F61441D08E01900179EE4 /* main.m */ = {isa = PBXFileReference; lastKnownFileType = sourcecode.c.objc; path = main.m; sourceTree = "<group>"; };
		642F61461D08E01900179EE4 /* AppDelegate.h */ = {isa = PBXFileReference; lastKnownFileType = sourcecode.c.h; path = AppDelegate.h; sourceTree = "<group>"; };
		642F61471D08E01900179EE4 /* AppDelegate.m */ = {isa = PBXFileReference; lastKnownFileType = sourcecode.c.objc; path = AppDelegate.m; sourceTree = "<group>"; };
		642F61491D08E01900179EE4 /* ViewController.h */ = {isa = PBXFileReference; lastKnownFileType = sourcecode.c.h; path = ViewController.h; sourceTree = "<group>"; };
		642F614A1D08E01900179EE4 /* ViewController.m */ = {isa = PBXFileReference; lastKnownFileType = sourcecode.c.objc; path = ViewController.m; sourceTree = "<group>"; };
		642F614D1D08E01900179EE4 /* Base */ = {isa = PBXFileReference; lastKnownFileType = file.storyboard; name = Base; path = Base.lproj/Main.storyboard; sourceTree = "<group>"; };
		642F614F1D08E01900179EE4 /* Assets.xcassets */ = {isa = PBXFileReference; lastKnownFileType = folder.assetcatalog; path = Assets.xcassets; sourceTree = "<group>"; };
		642F61521D08E01900179EE4 /* Base */ = {isa = PBXFileReference; lastKnownFileType = file.storyboard; name = Base; path = Base.lproj/LaunchScreen.storyboard; sourceTree = "<group>"; };
		642F61541D08E01900179EE4 /* Info.plist */ = {isa = PBXFileReference; lastKnownFileType = text.plist.xml; path = Info.plist; sourceTree = "<group>"; };
		642F61591D08E01900179EE4 /* XCTestSpikeTests.xctest */ = {isa = PBXFileReference; explicitFileType = wrapper.cfbundle; includeInIndex = 0; path = XCTestSpikeTests.xctest; sourceTree = BUILT_PRODUCTS_DIR; };
		642F615D1D08E01900179EE4 /* XCTestSpikeTests.m */ = {isa = PBXFileReference; lastKnownFileType = sourcecode.c.objc; path = XCTestSpikeTests.m; sourceTree = "<group>"; };
		642F615F1D08E01900179EE4 /* Info.plist */ = {isa = PBXFileReference; lastKnownFileType = text.plist.xml; path = Info.plist; sourceTree = "<group>"; };
		642F61641D08E01900179EE4 /* XCTestSpikeUITests.xctest */ = {isa = PBXFileReference; explicitFileType = wrapper.cfbundle; includeInIndex = 0; path = XCTestSpikeUITests.xctest; sourceTree = BUILT_PRODUCTS_DIR; };
		642F61681D08E01900179EE4 /* XCTestSpikeUITests.m */ = {isa = PBXFileReference; lastKnownFileType = sourcecode.c.objc; path = XCTestSpikeUITests.m; sourceTree = "<group>"; };
		642F616A1D08E01900179EE4 /* Info.plist */ = {isa = PBXFileReference; lastKnownFileType = text.plist.xml; path = Info.plist; sourceTree = "<group>"; };
		642F61761D09CD2700179EE4 /* WWWebService.h */ = {isa = PBXFileReference; fileEncoding = 4; lastKnownFileType = sourcecode.c.h; path = WWWebService.h; sourceTree = "<group>"; };
		642F61771D09CD2700179EE4 /* WWWebService.m */ = {isa = PBXFileReference; fileEncoding = 4; lastKnownFileType = sourcecode.c.objc; path = WWWebService.m; sourceTree = "<group>"; };
/* End PBXFileReference section */

/* Begin PBXFrameworksBuildPhase section */
		642F613D1D08E01900179EE4 /* Frameworks */ = {
			isa = PBXFrameworksBuildPhase;
			buildActionMask = 2147483647;
			files = (
			);
			runOnlyForDeploymentPostprocessing = 0;
		};
		642F61561D08E01900179EE4 /* Frameworks */ = {
			isa = PBXFrameworksBuildPhase;
			buildActionMask = 2147483647;
			files = (
			);
			runOnlyForDeploymentPostprocessing = 0;
		};
		642F61611D08E01900179EE4 /* Frameworks */ = {
			isa = PBXFrameworksBuildPhase;
			buildActionMask = 2147483647;
			files = (
			);
			runOnlyForDeploymentPostprocessing = 0;
		};
/* End PBXFrameworksBuildPhase section */

/* Begin PBXGroup section */
		642F61371D08E01900179EE4 = {
			isa = PBXGroup;
			children = (
				642F61421D08E01900179EE4 /* XCTestSpike */,
				642F615C1D08E01900179EE4 /* XCTestSpikeTests */,
				642F61671D08E01900179EE4 /* XCTestSpikeUITests */,
				642F61411D08E01900179EE4 /* Products */,
			);
			sourceTree = "<group>";
		};
		642F61411D08E01900179EE4 /* Products */ = {
			isa = PBXGroup;
			children = (
				642F61401D08E01900179EE4 /* XCTestSpike.app */,
				642F61591D08E01900179EE4 /* XCTestSpikeTests.xctest */,
				642F61641D08E01900179EE4 /* XCTestSpikeUITests.xctest */,
			);
			name = Products;
			sourceTree = "<group>";
		};
		642F61421D08E01900179EE4 /* XCTestSpike */ = {
			isa = PBXGroup;
			children = (
				642F61461D08E01900179EE4 /* AppDelegate.h */,
				642F61471D08E01900179EE4 /* AppDelegate.m */,
				642F61491D08E01900179EE4 /* ViewController.h */,
				642F614A1D08E01900179EE4 /* ViewController.m */,
				642F61761D09CD2700179EE4 /* WWWebService.h */,
				642F61771D09CD2700179EE4 /* WWWebService.m */,
				642F614C1D08E01900179EE4 /* Main.storyboard */,
				642F614F1D08E01900179EE4 /* Assets.xcassets */,
				642F61511D08E01900179EE4 /* LaunchScreen.storyboard */,
				642F61541D08E01900179EE4 /* Info.plist */,
				642F61431D08E01900179EE4 /* Supporting Files */,
			);
			path = XCTestSpike;
			sourceTree = "<group>";
		};
		642F61431D08E01900179EE4 /* Supporting Files */ = {
			isa = PBXGroup;
			children = (
				642F61441D08E01900179EE4 /* main.m */,
			);
			name = "Supporting Files";
			sourceTree = "<group>";
		};
		642F615C1D08E01900179EE4 /* XCTestSpikeTests */ = {
			isa = PBXGroup;
			children = (
				642F615D1D08E01900179EE4 /* XCTestSpikeTests.m */,
				642F615F1D08E01900179EE4 /* Info.plist */,
			);
			path = XCTestSpikeTests;
			sourceTree = "<group>";
		};
		642F61671D08E01900179EE4 /* XCTestSpikeUITests */ = {
			isa = PBXGroup;
			children = (
				642F61681D08E01900179EE4 /* XCTestSpikeUITests.m */,
				642F616A1D08E01900179EE4 /* Info.plist */,
			);
			path = XCTestSpikeUITests;
			sourceTree = "<group>";
		};
/* End PBXGroup section */

/* Begin PBXNativeTarget section */
		642F613F1D08E01900179EE4 /* XCTestSpike */ = {
			isa = PBXNativeTarget;
			buildConfigurationList = 642F616D1D08E01900179EE4 /* Build configuration list for PBXNativeTarget "XCTestSpike" */;
			buildPhases = (
				642F613C1D08E01900179EE4 /* Sources */,
				642F613D1D08E01900179EE4 /* Frameworks */,
				642F613E1D08E01900179EE4 /* Resources */,
			);
			buildRules = (
			);
			dependencies = (
			);
			name = XCTestSpike;
			productName = XCTestSpike;
			productReference = 642F61401D08E01900179EE4 /* XCTestSpike.app */;
			productType = "com.apple.product-type.application";
		};
		642F61581D08E01900179EE4 /* XCTestSpikeTests */ = {
			isa = PBXNativeTarget;
			buildConfigurationList = 642F61701D08E01900179EE4 /* Build configuration list for PBXNativeTarget "XCTestSpikeTests" */;
			buildPhases = (
				642F61551D08E01900179EE4 /* Sources */,
				642F61561D08E01900179EE4 /* Frameworks */,
				642F61571D08E01900179EE4 /* Resources */,
			);
			buildRules = (
			);
			dependencies = (
				642F615B1D08E01900179EE4 /* PBXTargetDependency */,
			);
			name = XCTestSpikeTests;
			productName = XCTestSpikeTests;
			productReference = 642F61591D08E01900179EE4 /* XCTestSpikeTests.xctest */;
			productType = "com.apple.product-type.bundle.unit-test";
		};
		642F61631D08E01900179EE4 /* XCTestSpikeUITests */ = {
			isa = PBXNativeTarget;
			buildConfigurationList = 642F61731D08E01900179EE4 /* Build configuration list for PBXNativeTarget "XCTestSpikeUITests" */;
			buildPhases = (
				642F61601D08E01900179EE4 /* Sources */,
				642F61611D08E01900179EE4 /* Frameworks */,
				642F61621D08E01900179EE4 /* Resources */,
			);
			buildRules = (
			);
			dependencies = (
				642F61661D08E01900179EE4 /* PBXTargetDependency */,
			);
			name = XCTestSpikeUITests;
			productName = XCTestSpikeUITests;
			productReference = 642F61641D08E01900179EE4 /* XCTestSpikeUITests.xctest */;
			productType = "com.apple.product-type.bundle.ui-testing";
		};
/* End PBXNativeTarget section */

/* Begin PBXProject section */
		642F61381D08E01900179EE4 /* Project object */ = {
			isa = PBXProject;
			attributes = {
				LastUpgradeCheck = 0730;
				ORGANIZATIONNAME = "Weien Wang";
				TargetAttributes = {
					642F613F1D08E01900179EE4 = {
						CreatedOnToolsVersion = 7.3.1;
					};
					642F61581D08E01900179EE4 = {
						CreatedOnToolsVersion = 7.3.1;
						TestTargetID = 642F613F1D08E01900179EE4;
					};
					642F61631D08E01900179EE4 = {
						CreatedOnToolsVersion = 7.3.1;
						TestTargetID = 642F613F1D08E01900179EE4;
					};
				};
			};
			buildConfigurationList = 642F613B1D08E01900179EE4 /* Build configuration list for PBXProject "XCTestSpike" */;
			compatibilityVersion = "Xcode 3.2";
			developmentRegion = English;
			hasScannedForEncodings = 0;
			knownRegions = (
				en,
				Base,
			);
			mainGroup = 642F61371D08E01900179EE4;
			productRefGroup = 642F61411D08E01900179EE4 /* Products */;
			projectDirPath = "";
			projectRoot = "";
			targets = (
				642F613F1D08E01900179EE4 /* XCTestSpike */,
				642F61581D08E01900179EE4 /* XCTestSpikeTests */,
				642F61631D08E01900179EE4 /* XCTestSpikeUITests */,
			);
		};
/* End PBXProject section */

/* Begin PBXResourcesBuildPhase section */
		642F613E1D08E01900179EE4 /* Resources */ = {
			isa = PBXResourcesBuildPhase;
			buildActionMask = 2147483647;
			files = (
				642F61531D08E01900179EE4 /* LaunchScreen.storyboard in Resources */,
				642F61501D08E01900179EE4 /* Assets.xcassets in Resources */,
				642F614E1D08E01900179EE4 /* Main.storyboard in Resources */,
			);
			runOnlyForDeploymentPostprocessing = 0;
		};
		642F61571D08E01900179EE4 /* Resources */ = {
			isa = PBXResourcesBuildPhase;
			buildActionMask = 2147483647;
			files = (
			);
			runOnlyForDeploymentPostprocessing = 0;
		};
		642F61621D08E01900179EE4 /* Resources */ = {
			isa = PBXResourcesBuildPhase;
			buildActionMask = 2147483647;
			files = (
			);
			runOnlyForDeploymentPostprocessing = 0;
		};
/* End PBXResourcesBuildPhase section */

/* Begin PBXSourcesBuildPhase section */
		642F613C1D08E01900179EE4 /* Sources */ = {
			isa = PBXSourcesBuildPhase;
			buildActionMask = 2147483647;
			files = (
				642F614B1D08E01900179EE4 /* ViewController.m in Sources */,
				642F61481D08E01900179EE4 /* AppDelegate.m in Sources */,
				642F61781D09CD2700179EE4 /* WWWebService.m in Sources */,
				642F61451D08E01900179EE4 /* main.m in Sources */,
			);
			runOnlyForDeploymentPostprocessing = 0;
		};
		642F61551D08E01900179EE4 /* Sources */ = {
			isa = PBXSourcesBuildPhase;
			buildActionMask = 2147483647;
			files = (
				642F615E1D08E01900179EE4 /* XCTestSpikeTests.m in Sources */,
			);
			runOnlyForDeploymentPostprocessing = 0;
		};
		642F61601D08E01900179EE4 /* Sources */ = {
			isa = PBXSourcesBuildPhase;
			buildActionMask = 2147483647;
			files = (
				642F61691D08E01900179EE4 /* XCTestSpikeUITests.m in Sources */,
			);
			runOnlyForDeploymentPostprocessing = 0;
		};
/* End PBXSourcesBuildPhase section */

/* Begin PBXTargetDependency section */
		642F615B1D08E01900179EE4 /* PBXTargetDependency */ = {
			isa = PBXTargetDependency;
			target = 642F613F1D08E01900179EE4 /* XCTestSpike */;
			targetProxy = 642F615A1D08E01900179EE4 /* PBXContainerItemProxy */;
		};
		642F61661D08E01900179EE4 /* PBXTargetDependency */ = {
			isa = PBXTargetDependency;
			target = 642F613F1D08E01900179EE4 /* XCTestSpike */;
			targetProxy = 642F61651D08E01900179EE4 /* PBXContainerItemProxy */;
		};
/* End PBXTargetDependency section */

/* Begin PBXVariantGroup section */
		642F614C1D08E01900179EE4 /* Main.storyboard */ = {
			isa = PBXVariantGroup;
			children = (
				642F614D1D08E01900179EE4 /* Base */,
			);
			name = Main.storyboard;
			sourceTree = "<group>";
		};
		642F61511D08E01900179EE4 /* LaunchScreen.storyboard */ = {
			isa = PBXVariantGroup;
			children = (
				642F61521D08E01900179EE4 /* Base */,
			);
			name = LaunchScreen.storyboard;
			sourceTree = "<group>";
		};
/* End PBXVariantGroup section */

/* Begin XCBuildConfiguration section */
		642F616B1D08E01900179EE4 /* Debug */ = {
			isa = XCBuildConfiguration;
			buildSettings = {
				ALWAYS_SEARCH_USER_PATHS = NO;
				CLANG_ANALYZER_NONNULL = YES;
				CLANG_CXX_LANGUAGE_STANDARD = "gnu++0x";
				CLANG_CXX_LIBRARY = "libc++";
				CLANG_ENABLE_MODULES = YES;
				CLANG_ENABLE_OBJC_ARC = YES;
				CLANG_WARN_BOOL_CONVERSION = YES;
				CLANG_WARN_CONSTANT_CONVERSION = YES;
				CLANG_WARN_DIRECT_OBJC_ISA_USAGE = YES_ERROR;
				CLANG_WARN_EMPTY_BODY = YES;
				CLANG_WARN_ENUM_CONVERSION = YES;
				CLANG_WARN_INT_CONVERSION = YES;
				CLANG_WARN_OBJC_ROOT_CLASS = YES_ERROR;
				CLANG_WARN_UNREACHABLE_CODE = YES;
				CLANG_WARN__DUPLICATE_METHOD_MATCH = YES;
				"CODE_SIGN_IDENTITY[sdk=iphoneos*]" = "iPhone Developer";
				COPY_PHASE_STRIP = NO;
				DEBUG_INFORMATION_FORMAT = dwarf;
				ENABLE_STRICT_OBJC_MSGSEND = YES;
				ENABLE_TESTABILITY = YES;
				GCC_C_LANGUAGE_STANDARD = gnu99;
				GCC_DYNAMIC_NO_PIC = NO;
				GCC_NO_COMMON_BLOCKS = YES;
				GCC_OPTIMIZATION_LEVEL = 0;
				GCC_PREPROCESSOR_DEFINITIONS = (
					"DEBUG=1",
					"$(inherited)",
				);
				GCC_WARN_64_TO_32_BIT_CONVERSION = YES;
				GCC_WARN_ABOUT_RETURN_TYPE = YES_ERROR;
				GCC_WARN_UNDECLARED_SELECTOR = YES;
				GCC_WARN_UNINITIALIZED_AUTOS = YES_AGGRESSIVE;
				GCC_WARN_UNUSED_FUNCTION = YES;
				GCC_WARN_UNUSED_VARIABLE = YES;
				IPHONEOS_DEPLOYMENT_TARGET = 9.3;
				MTL_ENABLE_DEBUG_INFO = YES;
				ONLY_ACTIVE_ARCH = YES;
				SDKROOT = iphoneos;
			};
			name = Debug;
		};
		642F616C1D08E01900179EE4 /* Release */ = {
			isa = XCBuildConfiguration;
			buildSettings = {
				ALWAYS_SEARCH_USER_PATHS = NO;
				CLANG_ANALYZER_NONNULL = YES;
				CLANG_CXX_LANGUAGE_STANDARD = "gnu++0x";
				CLANG_CXX_LIBRARY = "libc++";
				CLANG_ENABLE_MODULES = YES;
				CLANG_ENABLE_OBJC_ARC = YES;
				CLANG_WARN_BOOL_CONVERSION = YES;
				CLANG_WARN_CONSTANT_CONVERSION = YES;
				CLANG_WARN_DIRECT_OBJC_ISA_USAGE = YES_ERROR;
				CLANG_WARN_EMPTY_BODY = YES;
				CLANG_WARN_ENUM_CONVERSION = YES;
				CLANG_WARN_INT_CONVERSION = YES;
				CLANG_WARN_OBJC_ROOT_CLASS = YES_ERROR;
				CLANG_WARN_UNREACHABLE_CODE = YES;
				CLANG_WARN__DUPLICATE_METHOD_MATCH = YES;
				"CODE_SIGN_IDENTITY[sdk=iphoneos*]" = "iPhone Developer";
				COPY_PHASE_STRIP = NO;
				DEBUG_INFORMATION_FORMAT = "dwarf-with-dsym";
				ENABLE_NS_ASSERTIONS = NO;
				ENABLE_STRICT_OBJC_MSGSEND = YES;
				GCC_C_LANGUAGE_STANDARD = gnu99;
				GCC_NO_COMMON_BLOCKS = YES;
				GCC_WARN_64_TO_32_BIT_CONVERSION = YES;
				GCC_WARN_ABOUT_RETURN_TYPE = YES_ERROR;
				GCC_WARN_UNDECLARED_SELECTOR = YES;
				GCC_WARN_UNINITIALIZED_AUTOS = YES_AGGRESSIVE;
				GCC_WARN_UNUSED_FUNCTION = YES;
				GCC_WARN_UNUSED_VARIABLE = YES;
				IPHONEOS_DEPLOYMENT_TARGET = 9.3;
				MTL_ENABLE_DEBUG_INFO = NO;
				SDKROOT = iphoneos;
				VALIDATE_PRODUCT = YES;
			};
			name = Release;
		};
		642F616E1D08E01900179EE4 /* Debug */ = {
			isa = XCBuildConfiguration;
			buildSettings = {
				ASSETCATALOG_COMPILER_APPICON_NAME = AppIcon;
				INFOPLIST_FILE = XCTestSpike/Info.plist;
				LD_RUNPATH_SEARCH_PATHS = "$(inherited) @executable_path/Frameworks";
				PRODUCT_BUNDLE_IDENTIFIER = weienwang.XCTestSpike;
				PRODUCT_NAME = "$(TARGET_NAME)";
			};
			name = Debug;
		};
		642F616F1D08E01900179EE4 /* Release */ = {
			isa = XCBuildConfiguration;
			buildSettings = {
				ASSETCATALOG_COMPILER_APPICON_NAME = AppIcon;
				INFOPLIST_FILE = XCTestSpike/Info.plist;
				LD_RUNPATH_SEARCH_PATHS = "$(inherited) @executable_path/Frameworks";
				PRODUCT_BUNDLE_IDENTIFIER = weienwang.XCTestSpike;
				PRODUCT_NAME = "$(TARGET_NAME)";
			};
			name = Release;
		};
		642F61711D08E01900179EE4 /* Debug */ = {
			isa = XCBuildConfiguration;
			buildSettings = {
				BUNDLE_LOADER = "$(TEST_HOST)";
				INFOPLIST_FILE = XCTestSpikeTests/Info.plist;
				LD_RUNPATH_SEARCH_PATHS = "$(inherited) @executable_path/Frameworks @loader_path/Frameworks";
				PRODUCT_BUNDLE_IDENTIFIER = weienwang.XCTestSpikeTests;
				PRODUCT_NAME = "$(TARGET_NAME)";
				TEST_HOST = "$(BUILT_PRODUCTS_DIR)/XCTestSpike.app/XCTestSpike";
			};
			name = Debug;
		};
		642F61721D08E01900179EE4 /* Release */ = {
			isa = XCBuildConfiguration;
			buildSettings = {
				BUNDLE_LOADER = "$(TEST_HOST)";
				INFOPLIST_FILE = XCTestSpikeTests/Info.plist;
				LD_RUNPATH_SEARCH_PATHS = "$(inherited) @executable_path/Frameworks @loader_path/Frameworks";
				PRODUCT_BUNDLE_IDENTIFIER = weienwang.XCTestSpikeTests;
				PRODUCT_NAME = "$(TARGET_NAME)";
				TEST_HOST = "$(BUILT_PRODUCTS_DIR)/XCTestSpike.app/XCTestSpike";
			};
			name = Release;
		};
		642F61741D08E01900179EE4 /* Debug */ = {
			isa = XCBuildConfiguration;
			buildSettings = {
				INFOPLIST_FILE = XCTestSpikeUITests/Info.plist;
				LD_RUNPATH_SEARCH_PATHS = "$(inherited) @executable_path/Frameworks @loader_path/Frameworks";
				PRODUCT_BUNDLE_IDENTIFIER = weienwang.XCTestSpikeUITests;
				PRODUCT_NAME = "$(TARGET_NAME)";
				TEST_TARGET_NAME = XCTestSpike;
			};
			name = Debug;
		};
		642F61751D08E01900179EE4 /* Release */ = {
			isa = XCBuildConfiguration;
			buildSettings = {
				INFOPLIST_FILE = XCTestSpikeUITests/Info.plist;
				LD_RUNPATH_SEARCH_PATHS = "$(inherited) @executable_path/Frameworks @loader_path/Frameworks";
				PRODUCT_BUNDLE_IDENTIFIER = weienwang.XCTestSpikeUITests;
				PRODUCT_NAME = "$(TARGET_NAME)";
				TEST_TARGET_NAME = XCTestSpike;
			};
			name = Release;
		};
/* End XCBuildConfiguration section */

/* Begin XCConfigurationList section */
		642F613B1D08E01900179EE4 /* Build configuration list for PBXProject "XCTestSpike" */ = {
			isa = XCConfigurationList;
			buildConfigurations = (
				642F616B1D08E01900179EE4 /* Debug */,
				642F616C1D08E01900179EE4 /* Release */,
			);
			defaultConfigurationIsVisible = 0;
			defaultConfigurationName = Release;
		};
		642F616D1D08E01900179EE4 /* Build configuration list for PBXNativeTarget "XCTestSpike" */ = {
			isa = XCConfigurationList;
			buildConfigurations = (
				642F616E1D08E01900179EE4 /* Debug */,
				642F616F1D08E01900179EE4 /* Release */,
			);
			defaultConfigurationIsVisible = 0;
		};
		642F61701D08E01900179EE4 /* Build configuration list for PBXNativeTarget "XCTestSpikeTests" */ = {
			isa = XCConfigurationList;
			buildConfigurations = (
				642F61711D08E01900179EE4 /* Debug */,
				642F61721D08E01900179EE4 /* Release */,
			);
			defaultConfigurationIsVisible = 0;
		};
		642F61731D08E01900179EE4 /* Build configuration list for PBXNativeTarget "XCTestSpikeUITests" */ = {
			isa = XCConfigurationList;
			buildConfigurations = (
				642F61741D08E01900179EE4 /* Debug */,
				642F61751D08E01900179EE4 /* Release */,
			);
			defaultConfigurationIsVisible = 0;
		};
/* End XCConfigurationList section */
	};
	rootObject = 642F61381D08E01900179EE4 /* Project object */;
}
